
Microsoft Visual Studio Solution File, Format Version 12.00
# Visual Studio 15
VisualStudioVersion = 15.0.27703.2035
MinimumVisualStudioVersion = 10.0.40219.1
Project("{FAE04EC0-301F-11D3-BF4B-00C04F79EFBC}") = "AIEthicsSurvey", "AIEthicsSurvey\AIEthicsSurvey.csproj", "{F4E3988A-5427-4801-9E16-42C31DFAB218}"
EndProject
Project("{00D1A9C2-B5F0-4AF3-8072-F6C62B433612}") = "Database1", "Database1\Database1.sqlproj", "{F4CB8635-96E7-4497-ADD9-67BB31505764}"
EndProject
Project("{FAE04EC0-301F-11D3-BF4B-00C04F79EFBC}") = "DataLibrary", "DataLibrary\DataLibrary.csproj", "{B82C639A-D86E-48B5-A2B5-8B74B4379559}"
EndProject
Global
	GlobalSection(SolutionConfigurationPlatforms) = preSolution
		Debug|Any CPU = Debug|Any CPU
		Release|Any CPU = Release|Any CPU
	EndGlobalSection
	GlobalSection(ProjectConfigurationPlatforms) = postSolution
		{F4E3988A-5427-4801-9E16-42C31DFAB218}.Debug|Any CPU.ActiveCfg = Debug|Any CPU
		{F4E3988A-5427-4801-9E16-42C31DFAB218}.Debug|Any CPU.Build.0 = Debug|Any CPU
		{F4E3988A-5427-4801-9E16-42C31DFAB218}.Release|Any CPU.ActiveCfg = Release|Any CPU
		{F4E3988A-5427-4801-9E16-42C31DFAB218}.Release|Any CPU.Build.0 = Release|Any CPU
		{F4CB8635-96E7-4497-ADD9-67BB31505764}.Debug|Any CPU.ActiveCfg = Debug|Any CPU
		{F4CB8635-96E7-4497-ADD9-67BB31505764}.Debug|Any CPU.Build.0 = Debug|Any CPU
		{F4CB8635-96E7-4497-ADD9-67BB31505764}.Debug|Any CPU.Deploy.0 = Debug|Any CPU
		{F4CB8635-96E7-4497-ADD9-67BB31505764}.Release|Any CPU.ActiveCfg = Release|Any CPU
		{F4CB8635-96E7-4497-ADD9-67BB31505764}.Release|Any CPU.Build.0 = Release|Any CPU
		{F4CB8635-96E7-4497-ADD9-67BB31505764}.Release|Any CPU.Deploy.0 = Release|Any CPU
		{B82C639A-D86E-48B5-A2B5-8B74B4379559}.Debug|Any CPU.ActiveCfg = Debug|Any CPU
		{B82C639A-D86E-48B5-A2B5-8B74B4379559}.Debug|Any CPU.Build.0 = Debug|Any CPU
		{B82C639A-D86E-48B5-A2B5-8B74B4379559}.Release|Any CPU.ActiveCfg = Release|Any CPU
		{B82C639A-D86E-48B5-A2B5-8B74B4379559}.Release|Any CPU.Build.0 = Release|Any CPU
	EndGlobalSection
	GlobalSection(SolutionProperties) = preSolution
		HideSolutionNode = FALSE
	EndGlobalSection
	GlobalSection(ExtensibilityGlobals) = postSolution
		SolutionGuid = {FDBCE1E8-08BF-49A3-BDDD-1CED0F3A526B}
	EndGlobalSection
EndGlobal
